
Microsoft Visual Studio Solution File, Format Version 12.00
# Visual Studio Version 16
VisualStudioVersion = 16.0.30611.23
MinimumVisualStudioVersion = 10.0.40219.1
Project("{FAE04EC0-301F-11D3-BF4B-00C04F79EFBC}") = "LinqToXml", "LinqToXml\LinqToXml.csproj", "{EB1B3227-3BAB-40DF-AA17-8AA357FA35DE}"
EndProject
Global
	GlobalSection(SolutionConfigurationPlatforms) = preSolution
		Debug|Any CPU = Debug|Any CPU
		Release|Any CPU = Release|Any CPU
	EndGlobalSection
	GlobalSection(ProjectConfigurationPlatforms) = postSolution
		{EB1B3227-3BAB-40DF-AA17-8AA357FA35DE}.Debug|Any CPU.ActiveCfg = Debug|Any CPU
		{EB1B3227-3BAB-40DF-AA17-8AA357FA35DE}.Debug|Any CPU.Build.0 = Debug|Any CPU
		{EB1B3227-3BAB-40DF-AA17-8AA357FA35DE}.Release|Any CPU.ActiveCfg = Release|Any CPU
		{EB1B3227-3BAB-40DF-AA17-8AA357FA35DE}.Release|Any CPU.Build.0 = Release|Any CPU
	EndGlobalSection
	GlobalSection(SolutionProperties) = preSolution
		HideSolutionNode = FALSE
	EndGlobalSection
	GlobalSection(ExtensibilityGlobals) = postSolution
		SolutionGuid = {28280342-BA42-427F-8572-5C008BFC648D}
	EndGlobalSection
EndGlobal
